// !$*UTF8*$!
{
	archiveVersion = 1;
	classes = {
	};
	objectVersion = 51;
	objects = {

/* Begin PBXBuildFile section */
		690A84B322AFBE03009F4EC5 /* AppDelegate.swift in Sources */ = {isa = PBXBuildFile; fileRef = 690A84B222AFBE03009F4EC5 /* AppDelegate.swift */; };
		690A84B522AFBE03009F4EC5 /* ViewController.swift in Sources */ = {isa = PBXBuildFile; fileRef = 690A84B422AFBE03009F4EC5 /* ViewController.swift */; };
		690A84B822AFBE03009F4EC5 /* Main.storyboard in Resources */ = {isa = PBXBuildFile; fileRef = 690A84B622AFBE03009F4EC5 /* Main.storyboard */; };
		690A84BA22AFBE05009F4EC5 /* Assets.xcassets in Resources */ = {isa = PBXBuildFile; fileRef = 690A84B922AFBE05009F4EC5 /* Assets.xcassets */; };
		690A84BD22AFBE05009F4EC5 /* LaunchScreen.storyboard in Resources */ = {isa = PBXBuildFile; fileRef = 690A84BB22AFBE05009F4EC5 /* LaunchScreen.storyboard */; };
		690A84C722AFC0D9009F4EC5 /* MainView.swift in Sources */ = {isa = PBXBuildFile; fileRef = 690A84C622AFC0D9009F4EC5 /* MainView.swift */; };
		690A84EF22B0A438009F4EC5 /* TransportationPlus.xcdatamodeld in Sources */ = {isa = PBXBuildFile; fileRef = 690A84ED22B0A438009F4EC5 /* TransportationPlus.xcdatamodeld */; };
		690A84F722B0A548009F4EC5 /* MapManager.swift in Sources */ = {isa = PBXBuildFile; fileRef = 690A84F522B0A548009F4EC5 /* MapManager.swift */; };
		690A84F922B0A7B9009F4EC5 /* UbikeStation.swift in Sources */ = {isa = PBXBuildFile; fileRef = 690A84F822B0A7B9009F4EC5 /* UbikeStation.swift */; };
		6925F9A622E828E000136ED8 /* MapType.swift in Sources */ = {isa = PBXBuildFile; fileRef = 6925F9A522E828E000136ED8 /* MapType.swift */; };
		6941055122E4A19A00D90E22 /* SecretKey.plist in Resources */ = {isa = PBXBuildFile; fileRef = 6941055022E4A19A00D90E22 /* SecretKey.plist */; };
		6941055522E4ABBB00D90E22 /* CryptoAlgorithm.swift in Sources */ = {isa = PBXBuildFile; fileRef = 6941055422E4ABBB00D90E22 /* CryptoAlgorithm.swift */; };
		6941056322E4ADDD00D90E22 /* UbikeStatusCodable.swift in Sources */ = {isa = PBXBuildFile; fileRef = 6941056222E4ADDD00D90E22 /* UbikeStatusCodable.swift */; };
		6941056522E4AE9700D90E22 /* UbikeStationCodable.swift in Sources */ = {isa = PBXBuildFile; fileRef = 6941056422E4AE9700D90E22 /* UbikeStationCodable.swift */; };
		6943BF0022E6B84E007E7793 /* BusStation.swift in Sources */ = {isa = PBXBuildFile; fileRef = 6943BEFF22E6B84E007E7793 /* BusStation.swift */; };
		6943BF0222E6BAA9007E7793 /* BusNumber.swift in Sources */ = {isa = PBXBuildFile; fileRef = 6943BF0122E6BAA9007E7793 /* BusNumber.swift */; };
		6943BF0422E6D575007E7793 /* BusStationCodable.swift in Sources */ = {isa = PBXBuildFile; fileRef = 6943BF0322E6D575007E7793 /* BusStationCodable.swift */; };
		6943BF0622E6D603007E7793 /* BusAPI.swift in Sources */ = {isa = PBXBuildFile; fileRef = 6943BF0522E6D603007E7793 /* BusAPI.swift */; };
		6943BF0822E6D665007E7793 /* BaseAPI.swift in Sources */ = {isa = PBXBuildFile; fileRef = 6943BF0722E6D665007E7793 /* BaseAPI.swift */; };
		6948904722E946D3009B4875 /* LaunchScreenView.swift in Sources */ = {isa = PBXBuildFile; fileRef = 6948904622E946D3009B4875 /* LaunchScreenView.swift */; };
		6965F88322E2B75C00203FBE /* MainModel.swift in Sources */ = {isa = PBXBuildFile; fileRef = 6965F88222E2B75C00203FBE /* MainModel.swift */; };
		6968F91422E55ED100FB390E /* .gitattributes in Resources */ = {isa = PBXBuildFile; fileRef = 6968F91322E55ED100FB390E /* .gitattributes */; };
		697DC35B230E8A3800A9583B /* BusRepository.swift in Sources */ = {isa = PBXBuildFile; fileRef = 697DC35A230E8A3800A9583B /* BusRepository.swift */; };
		697DC35D230E8F3500A9583B /* UbikeRepository.swift in Sources */ = {isa = PBXBuildFile; fileRef = 697DC35C230E8F3500A9583B /* UbikeRepository.swift */; };
		697DC35F230E91A600A9583B /* PersistentContainer.swift in Sources */ = {isa = PBXBuildFile; fileRef = 697DC35E230E91A600A9583B /* PersistentContainer.swift */; };
		697DC361230EA32000A9583B /* BaseRepository.swift in Sources */ = {isa = PBXBuildFile; fileRef = 697DC360230EA32000A9583B /* BaseRepository.swift */; };
		6984A79B22D71EE10003EF2B /* AnnotationMap.swift in Sources */ = {isa = PBXBuildFile; fileRef = 6984A79A22D71EE10003EF2B /* AnnotationMap.swift */; };
		69BAC56122C725B200CA8CB3 /* UbikeAPI.swift in Sources */ = {isa = PBXBuildFile; fileRef = 69BAC56022C725B200CA8CB3 /* UbikeAPI.swift */; };
		69BAC56322C7382400CA8CB3 /* CityType.swift in Sources */ = {isa = PBXBuildFile; fileRef = 69BAC56222C7382400CA8CB3 /* CityType.swift */; };
		69C3A6D622C3B43D00738EAA /* ErrorCode.swift in Sources */ = {isa = PBXBuildFile; fileRef = 69C3A6D522C3B43D00738EAA /* ErrorCode.swift */; };
		69F8642722D2EB10003A268B /* GoogleService-Info.plist in Resources */ = {isa = PBXBuildFile; fileRef = 69F8642622D2EB10003A268B /* GoogleService-Info.plist */; };
		C1C0ED2DCDEB753B42E9A1B0 /* Pods_Transportation_PLUS.framework in Frameworks */ = {isa = PBXBuildFile; fileRef = C0CD4B4EE6B22A8993F29D8A /* Pods_Transportation_PLUS.framework */; };
/* End PBXBuildFile section */

/* Begin PBXFileReference section */
		5F6488F4D571E60798E0CD5C /* Pods-Transportation_PLUS.debug.xcconfig */ = {isa = PBXFileReference; includeInIndex = 1; lastKnownFileType = text.xcconfig; name = "Pods-Transportation_PLUS.debug.xcconfig"; path = "Target Support Files/Pods-Transportation_PLUS/Pods-Transportation_PLUS.debug.xcconfig"; sourceTree = "<group>"; };
		690A84AF22AFBE03009F4EC5 /* Transportation_PLUS.app */ = {isa = PBXFileReference; explicitFileType = wrapper.application; includeInIndex = 0; path = Transportation_PLUS.app; sourceTree = BUILT_PRODUCTS_DIR; };
		690A84B222AFBE03009F4EC5 /* AppDelegate.swift */ = {isa = PBXFileReference; lastKnownFileType = sourcecode.swift; path = AppDelegate.swift; sourceTree = "<group>"; };
		690A84B422AFBE03009F4EC5 /* ViewController.swift */ = {isa = PBXFileReference; lastKnownFileType = sourcecode.swift; path = ViewController.swift; sourceTree = "<group>"; };
		690A84B722AFBE03009F4EC5 /* Base */ = {isa = PBXFileReference; lastKnownFileType = file.storyboard; name = Base; path = Base.lproj/Main.storyboard; sourceTree = "<group>"; };
		690A84B922AFBE05009F4EC5 /* Assets.xcassets */ = {isa = PBXFileReference; lastKnownFileType = folder.assetcatalog; path = Assets.xcassets; sourceTree = "<group>"; };
		690A84BC22AFBE05009F4EC5 /* Base */ = {isa = PBXFileReference; lastKnownFileType = file.storyboard; name = Base; path = Base.lproj/LaunchScreen.storyboard; sourceTree = "<group>"; };
		690A84BE22AFBE05009F4EC5 /* Info.plist */ = {isa = PBXFileReference; lastKnownFileType = text.plist.xml; path = Info.plist; sourceTree = "<group>"; };
		690A84C622AFC0D9009F4EC5 /* MainView.swift */ = {isa = PBXFileReference; lastKnownFileType = sourcecode.swift; path = MainView.swift; sourceTree = "<group>"; };
		690A84EE22B0A438009F4EC5 /* TransportationPlus.xcdatamodel */ = {isa = PBXFileReference; lastKnownFileType = wrapper.xcdatamodel; path = TransportationPlus.xcdatamodel; sourceTree = "<group>"; };
		690A84F522B0A548009F4EC5 /* MapManager.swift */ = {isa = PBXFileReference; fileEncoding = 4; lastKnownFileType = sourcecode.swift; path = MapManager.swift; sourceTree = "<group>"; };
		690A84F822B0A7B9009F4EC5 /* UbikeStation.swift */ = {isa = PBXFileReference; lastKnownFileType = sourcecode.swift; path = UbikeStation.swift; sourceTree = "<group>"; };
		6925F9A522E828E000136ED8 /* MapType.swift */ = {isa = PBXFileReference; lastKnownFileType = sourcecode.swift; path = MapType.swift; sourceTree = "<group>"; };
		6941055022E4A19A00D90E22 /* SecretKey.plist */ = {isa = PBXFileReference; lastKnownFileType = text.plist.xml; path = SecretKey.plist; sourceTree = "<group>"; };
		6941055422E4ABBB00D90E22 /* CryptoAlgorithm.swift */ = {isa = PBXFileReference; lastKnownFileType = sourcecode.swift; path = CryptoAlgorithm.swift; sourceTree = "<group>"; };
		6941056222E4ADDD00D90E22 /* UbikeStatusCodable.swift */ = {isa = PBXFileReference; lastKnownFileType = sourcecode.swift; path = UbikeStatusCodable.swift; sourceTree = "<group>"; };
		6941056422E4AE9700D90E22 /* UbikeStationCodable.swift */ = {isa = PBXFileReference; lastKnownFileType = sourcecode.swift; path = UbikeStationCodable.swift; sourceTree = "<group>"; };
		6943BEFF22E6B84E007E7793 /* BusStation.swift */ = {isa = PBXFileReference; lastKnownFileType = sourcecode.swift; path = BusStation.swift; sourceTree = "<group>"; };
		6943BF0122E6BAA9007E7793 /* BusNumber.swift */ = {isa = PBXFileReference; lastKnownFileType = sourcecode.swift; path = BusNumber.swift; sourceTree = "<group>"; };
		6943BF0322E6D575007E7793 /* BusStationCodable.swift */ = {isa = PBXFileReference; lastKnownFileType = sourcecode.swift; path = BusStationCodable.swift; sourceTree = "<group>"; };
		6943BF0522E6D603007E7793 /* BusAPI.swift */ = {isa = PBXFileReference; lastKnownFileType = sourcecode.swift; path = BusAPI.swift; sourceTree = "<group>"; };
		6943BF0722E6D665007E7793 /* BaseAPI.swift */ = {isa = PBXFileReference; lastKnownFileType = sourcecode.swift; path = BaseAPI.swift; sourceTree = "<group>"; };
		6948904622E946D3009B4875 /* LaunchScreenView.swift */ = {isa = PBXFileReference; lastKnownFileType = sourcecode.swift; path = LaunchScreenView.swift; sourceTree = "<group>"; };
		6965F88222E2B75C00203FBE /* MainModel.swift */ = {isa = PBXFileReference; lastKnownFileType = sourcecode.swift; path = MainModel.swift; sourceTree = "<group>"; };
		6968F91322E55ED100FB390E /* .gitattributes */ = {isa = PBXFileReference; lastKnownFileType = text; path = .gitattributes; sourceTree = "<group>"; };
		6974B32622D5959B00A11B7D /* APIKey.xcconfig */ = {isa = PBXFileReference; lastKnownFileType = text.xcconfig; path = APIKey.xcconfig; sourceTree = "<group>"; };
		697DC35A230E8A3800A9583B /* BusRepository.swift */ = {isa = PBXFileReference; lastKnownFileType = sourcecode.swift; path = BusRepository.swift; sourceTree = "<group>"; };
		697DC35C230E8F3500A9583B /* UbikeRepository.swift */ = {isa = PBXFileReference; lastKnownFileType = sourcecode.swift; path = UbikeRepository.swift; sourceTree = "<group>"; };
		697DC35E230E91A600A9583B /* PersistentContainer.swift */ = {isa = PBXFileReference; lastKnownFileType = sourcecode.swift; path = PersistentContainer.swift; sourceTree = "<group>"; };
		697DC360230EA32000A9583B /* BaseRepository.swift */ = {isa = PBXFileReference; lastKnownFileType = sourcecode.swift; path = BaseRepository.swift; sourceTree = "<group>"; };
		6984A79A22D71EE10003EF2B /* AnnotationMap.swift */ = {isa = PBXFileReference; lastKnownFileType = sourcecode.swift; path = AnnotationMap.swift; sourceTree = "<group>"; };
		69BAC56022C725B200CA8CB3 /* UbikeAPI.swift */ = {isa = PBXFileReference; lastKnownFileType = sourcecode.swift; path = UbikeAPI.swift; sourceTree = "<group>"; };
		69BAC56222C7382400CA8CB3 /* CityType.swift */ = {isa = PBXFileReference; lastKnownFileType = sourcecode.swift; path = CityType.swift; sourceTree = "<group>"; };
		69C3A6D522C3B43D00738EAA /* ErrorCode.swift */ = {isa = PBXFileReference; lastKnownFileType = sourcecode.swift; path = ErrorCode.swift; sourceTree = "<group>"; };
		69F8642622D2EB10003A268B /* GoogleService-Info.plist */ = {isa = PBXFileReference; fileEncoding = 4; lastKnownFileType = text.plist.xml; path = "GoogleService-Info.plist"; sourceTree = "<group>"; };
		69F8642822D2F847003A268B /* BridgingHeader.h */ = {isa = PBXFileReference; lastKnownFileType = sourcecode.c.h; path = BridgingHeader.h; sourceTree = "<group>"; };
		80206B374F7571527DB848D8 /* Pods-Transportation_PLUS.release.xcconfig */ = {isa = PBXFileReference; includeInIndex = 1; lastKnownFileType = text.xcconfig; name = "Pods-Transportation_PLUS.release.xcconfig"; path = "Target Support Files/Pods-Transportation_PLUS/Pods-Transportation_PLUS.release.xcconfig"; sourceTree = "<group>"; };
		C0CD4B4EE6B22A8993F29D8A /* Pods_Transportation_PLUS.framework */ = {isa = PBXFileReference; explicitFileType = wrapper.framework; includeInIndex = 0; path = Pods_Transportation_PLUS.framework; sourceTree = BUILT_PRODUCTS_DIR; };
/* End PBXFileReference section */

/* Begin PBXFrameworksBuildPhase section */
		690A84AC22AFBE03009F4EC5 /* Frameworks */ = {
			isa = PBXFrameworksBuildPhase;
			buildActionMask = 2147483647;
			files = (
				C1C0ED2DCDEB753B42E9A1B0 /* Pods_Transportation_PLUS.framework in Frameworks */,
			);
			runOnlyForDeploymentPostprocessing = 0;
		};
/* End PBXFrameworksBuildPhase section */

/* Begin PBXGroup section */
		21FC21EE93AF9DEA8801359C /* Frameworks */ = {
			isa = PBXGroup;
			children = (
				C0CD4B4EE6B22A8993F29D8A /* Pods_Transportation_PLUS.framework */,
			);
			name = Frameworks;
			sourceTree = "<group>";
		};
		690A84A622AFBE03009F4EC5 = {
			isa = PBXGroup;
			children = (
				690A84CA22AFC2B4009F4EC5 /* transportation */,
				21FC21EE93AF9DEA8801359C /* Frameworks */,
				9331364B8109695C063DDE3E /* Pods */,
				690A84B022AFBE03009F4EC5 /* Products */,
				6968F91322E55ED100FB390E /* .gitattributes */,
				6974B32622D5959B00A11B7D /* APIKey.xcconfig */,
				6941055022E4A19A00D90E22 /* SecretKey.plist */,
			);
			sourceTree = "<group>";
		};
		690A84B022AFBE03009F4EC5 /* Products */ = {
			isa = PBXGroup;
			children = (
				690A84AF22AFBE03009F4EC5 /* Transportation_PLUS.app */,
			);
			name = Products;
			sourceTree = "<group>";
		};
		690A84CA22AFC2B4009F4EC5 /* transportation */ = {
			isa = PBXGroup;
			children = (
				69FC8D5B231506520010ABD7 /* Storyboard */,
				6941055222E4AB1200D90E22 /* Networking */,
				69A53C1F230E88030066C3A9 /* Repository */,
				6950B18222BA6D9000581822 /* View */,
				6950B18122BA6D4900581822 /* Model */,
				69C3A6D522C3B43D00738EAA /* ErrorCode.swift */,
				690A84B222AFBE03009F4EC5 /* AppDelegate.swift */,
				690A84B922AFBE05009F4EC5 /* Assets.xcassets */,
				69F8642822D2F847003A268B /* BridgingHeader.h */,
				69F8642622D2EB10003A268B /* GoogleService-Info.plist */,
				690A84BE22AFBE05009F4EC5 /* Info.plist */,
				690A84B422AFBE03009F4EC5 /* ViewController.swift */,
				690A84ED22B0A438009F4EC5 /* TransportationPlus.xcdatamodeld */,
			);
			path = transportation;
			sourceTree = "<group>";
		};
		6941055222E4AB1200D90E22 /* Networking */ = {
			isa = PBXGroup;
			children = (
				6941055322E4AB4F00D90E22 /* FetchCodable */,
				6943BF0722E6D665007E7793 /* BaseAPI.swift */,
				6943BF0522E6D603007E7793 /* BusAPI.swift */,
				69BAC56022C725B200CA8CB3 /* UbikeAPI.swift */,
				6941055422E4ABBB00D90E22 /* CryptoAlgorithm.swift */,
			);
			path = Networking;
			sourceTree = "<group>";
		};
		6941055322E4AB4F00D90E22 /* FetchCodable */ = {
			isa = PBXGroup;
			children = (
				6943BF0322E6D575007E7793 /* BusStationCodable.swift */,
				6941056422E4AE9700D90E22 /* UbikeStationCodable.swift */,
				6941056222E4ADDD00D90E22 /* UbikeStatusCodable.swift */,
			);
			path = FetchCodable;
			sourceTree = "<group>";
		};
		6950B18122BA6D4900581822 /* Model */ = {
			isa = PBXGroup;
			children = (
				6984A79A22D71EE10003EF2B /* AnnotationMap.swift */,
				6943BF0122E6BAA9007E7793 /* BusNumber.swift */,
				6943BEFF22E6B84E007E7793 /* BusStation.swift */,
				69BAC56222C7382400CA8CB3 /* CityType.swift */,
				6925F9A522E828E000136ED8 /* MapType.swift */,
				690A84F822B0A7B9009F4EC5 /* UbikeStation.swift */,
				690A84F522B0A548009F4EC5 /* MapManager.swift */,
				6965F88222E2B75C00203FBE /* MainModel.swift */,
			);
			path = Model;
			sourceTree = "<group>";
		};
		6950B18222BA6D9000581822 /* View */ = {
			isa = PBXGroup;
			children = (
				690A84C622AFC0D9009F4EC5 /* MainView.swift */,
				6948904622E946D3009B4875 /* LaunchScreenView.swift */,
			);
			path = View;
			sourceTree = "<group>";
		};
		69A53C1F230E88030066C3A9 /* Repository */ = {
			isa = PBXGroup;
			children = (
				697DC35A230E8A3800A9583B /* BusRepository.swift */,
				697DC35C230E8F3500A9583B /* UbikeRepository.swift */,
				697DC35E230E91A600A9583B /* PersistentContainer.swift */,
				697DC360230EA32000A9583B /* BaseRepository.swift */,
			);
			path = Repository;
			sourceTree = "<group>";
		};
		69FC8D5B231506520010ABD7 /* Storyboard */ = {
			isa = PBXGroup;
			children = (
				690A84B622AFBE03009F4EC5 /* Main.storyboard */,
				690A84BB22AFBE05009F4EC5 /* LaunchScreen.storyboard */,
			);
			path = Storyboard;
			sourceTree = "<group>";
		};
		9331364B8109695C063DDE3E /* Pods */ = {
			isa = PBXGroup;
			children = (
				5F6488F4D571E60798E0CD5C /* Pods-Transportation_PLUS.debug.xcconfig */,
				80206B374F7571527DB848D8 /* Pods-Transportation_PLUS.release.xcconfig */,
			);
			path = Pods;
			sourceTree = "<group>";
		};
/* End PBXGroup section */

/* Begin PBXNativeTarget section */
		690A84AE22AFBE03009F4EC5 /* Transportation_PLUS */ = {
			isa = PBXNativeTarget;
			buildConfigurationList = 690A84C122AFBE05009F4EC5 /* Build configuration list for PBXNativeTarget "Transportation_PLUS" */;
			buildPhases = (
				A11AF8DCE2F44ECC482D27F4 /* [CP] Check Pods Manifest.lock */,
				690A84AB22AFBE03009F4EC5 /* Sources */,
				690A84AC22AFBE03009F4EC5 /* Frameworks */,
				690A84AD22AFBE03009F4EC5 /* Resources */,
				69F8642522D1C084003A268B /* ShellScript */,
				14797F325F2E1537B76B1006 /* [CP] Embed Pods Frameworks */,
				695CF20423225B13003753D4 /* ShellScript */,
			);
			buildRules = (
			);
			dependencies = (
			);
			name = Transportation_PLUS;
			productName = Transportation_PLUS;
			productReference = 690A84AF22AFBE03009F4EC5 /* Transportation_PLUS.app */;
			productType = "com.apple.product-type.application";
		};
/* End PBXNativeTarget section */

/* Begin PBXProject section */
		690A84A722AFBE03009F4EC5 /* Project object */ = {
			isa = PBXProject;
			attributes = {
				LastSwiftUpdateCheck = 1020;
				LastUpgradeCheck = 1020;
				ORGANIZATIONNAME = Null;
				TargetAttributes = {
					690A84AE22AFBE03009F4EC5 = {
						CreatedOnToolsVersion = 10.2.1;
					};
				};
			};
			buildConfigurationList = 690A84AA22AFBE03009F4EC5 /* Build configuration list for PBXProject "Transportation_PLUS" */;
			compatibilityVersion = "Xcode 9.3";
			developmentRegion = en;
			hasScannedForEncodings = 0;
			knownRegions = (
				en,
				Base,
			);
			mainGroup = 690A84A622AFBE03009F4EC5;
			productRefGroup = 690A84B022AFBE03009F4EC5 /* Products */;
			projectDirPath = "";
			projectRoot = "";
			targets = (
				690A84AE22AFBE03009F4EC5 /* Transportation_PLUS */,
			);
		};
/* End PBXProject section */

/* Begin PBXResourcesBuildPhase section */
		690A84AD22AFBE03009F4EC5 /* Resources */ = {
			isa = PBXResourcesBuildPhase;
			buildActionMask = 2147483647;
			files = (
				6941055122E4A19A00D90E22 /* SecretKey.plist in Resources */,
				6968F91422E55ED100FB390E /* .gitattributes in Resources */,
				690A84BD22AFBE05009F4EC5 /* LaunchScreen.storyboard in Resources */,
				69F8642722D2EB10003A268B /* GoogleService-Info.plist in Resources */,
				690A84BA22AFBE05009F4EC5 /* Assets.xcassets in Resources */,
				690A84B822AFBE03009F4EC5 /* Main.storyboard in Resources */,
			);
			runOnlyForDeploymentPostprocessing = 0;
		};
/* End PBXResourcesBuildPhase section */

/* Begin PBXShellScriptBuildPhase section */
		14797F325F2E1537B76B1006 /* [CP] Embed Pods Frameworks */ = {
			isa = PBXShellScriptBuildPhase;
			buildActionMask = 2147483647;
			files = (
			);
			inputFileListPaths = (
				"${PODS_ROOT}/Target Support Files/Pods-Transportation_PLUS/Pods-Transportation_PLUS-frameworks-${CONFIGURATION}-input-files.xcfilelist",
			);
			name = "[CP] Embed Pods Frameworks";
			outputFileListPaths = (
				"${PODS_ROOT}/Target Support Files/Pods-Transportation_PLUS/Pods-Transportation_PLUS-frameworks-${CONFIGURATION}-output-files.xcfilelist",
			);
			runOnlyForDeploymentPostprocessing = 0;
			shellPath = /bin/sh;
			shellScript = "\"${PODS_ROOT}/Target Support Files/Pods-Transportation_PLUS/Pods-Transportation_PLUS-frameworks.sh\"\n";
			showEnvVarsInLog = 0;
		};
		695CF20423225B13003753D4 /* ShellScript */ = {
			isa = PBXShellScriptBuildPhase;
			buildActionMask = 2147483647;
			files = (
			);
			inputFileListPaths = (
			);
			inputPaths = (
				"$(BUILT_PRODUCTS_DIR)/$(INFOPLIST_PATH)",
			);
			outputFileListPaths = (
			);
			outputPaths = (
			);
			runOnlyForDeploymentPostprocessing = 0;
			shellPath = /bin/sh;
			shellScript = "# Type a script or drag a script file from your workspace to insert its path.\n\"${PODS_ROOT}/Fabric/run\"\n";
		};
		69F8642522D1C084003A268B /* ShellScript */ = {
			isa = PBXShellScriptBuildPhase;
			buildActionMask = 2147483647;
			files = (
			);
			inputFileListPaths = (
			);
			inputPaths = (
			);
			outputFileListPaths = (
			);
			outputPaths = (
			);
			runOnlyForDeploymentPostprocessing = 0;
			shellPath = /bin/sh;
			shellScript = "if which swiftlint >/dev/null; then\n    swiftlint\nelse\n    echo \"warning: SwiftLint not installed, download from https://github.com/realm/SwiftLint\"\nfi\n";
		};
		A11AF8DCE2F44ECC482D27F4 /* [CP] Check Pods Manifest.lock */ = {
			isa = PBXShellScriptBuildPhase;
			buildActionMask = 2147483647;
			files = (
			);
			inputFileListPaths = (
			);
			inputPaths = (
				"${PODS_PODFILE_DIR_PATH}/Podfile.lock",
				"${PODS_ROOT}/Manifest.lock",
			);
			name = "[CP] Check Pods Manifest.lock";
			outputFileListPaths = (
			);
			outputPaths = (
				"$(DERIVED_FILE_DIR)/Pods-Transportation_PLUS-checkManifestLockResult.txt",
			);
			runOnlyForDeploymentPostprocessing = 0;
			shellPath = /bin/sh;
			shellScript = "diff \"${PODS_PODFILE_DIR_PATH}/Podfile.lock\" \"${PODS_ROOT}/Manifest.lock\" > /dev/null\nif [ $? != 0 ] ; then\n    # print error to STDERR\n    echo \"error: The sandbox is not in sync with the Podfile.lock. Run 'pod install' or update your CocoaPods installation.\" >&2\n    exit 1\nfi\n# This output is used by Xcode 'outputs' to avoid re-running this script phase.\necho \"SUCCESS\" > \"${SCRIPT_OUTPUT_FILE_0}\"\n";
			showEnvVarsInLog = 0;
		};
/* End PBXShellScriptBuildPhase section */

/* Begin PBXSourcesBuildPhase section */
		690A84AB22AFBE03009F4EC5 /* Sources */ = {
			isa = PBXSourcesBuildPhase;
			buildActionMask = 2147483647;
			files = (
				690A84C722AFC0D9009F4EC5 /* MainView.swift in Sources */,
				6941056322E4ADDD00D90E22 /* UbikeStatusCodable.swift in Sources */,
				6925F9A622E828E000136ED8 /* MapType.swift in Sources */,
				69BAC56322C7382400CA8CB3 /* CityType.swift in Sources */,
				6984A79B22D71EE10003EF2B /* AnnotationMap.swift in Sources */,
				690A84EF22B0A438009F4EC5 /* TransportationPlus.xcdatamodeld in Sources */,
				6948904722E946D3009B4875 /* LaunchScreenView.swift in Sources */,
				697DC35D230E8F3500A9583B /* UbikeRepository.swift in Sources */,
				697DC35F230E91A600A9583B /* PersistentContainer.swift in Sources */,
				69C3A6D622C3B43D00738EAA /* ErrorCode.swift in Sources */,
				690A84F922B0A7B9009F4EC5 /* UbikeStation.swift in Sources */,
				6943BF0022E6B84E007E7793 /* BusStation.swift in Sources */,
				6943BF0222E6BAA9007E7793 /* BusNumber.swift in Sources */,
				6943BF0822E6D665007E7793 /* BaseAPI.swift in Sources */,
				690A84F722B0A548009F4EC5 /* MapManager.swift in Sources */,
				6943BF0622E6D603007E7793 /* BusAPI.swift in Sources */,
				6941056522E4AE9700D90E22 /* UbikeStationCodable.swift in Sources */,
				69BAC56122C725B200CA8CB3 /* UbikeAPI.swift in Sources */,
				690A84B522AFBE03009F4EC5 /* ViewController.swift in Sources */,
				6943BF0422E6D575007E7793 /* BusStationCodable.swift in Sources */,
				6965F88322E2B75C00203FBE /* MainModel.swift in Sources */,
				6941055522E4ABBB00D90E22 /* CryptoAlgorithm.swift in Sources */,
				697DC35B230E8A3800A9583B /* BusRepository.swift in Sources */,
				697DC361230EA32000A9583B /* BaseRepository.swift in Sources */,
				690A84B322AFBE03009F4EC5 /* AppDelegate.swift in Sources */,
			);
			runOnlyForDeploymentPostprocessing = 0;
		};
/* End PBXSourcesBuildPhase section */

/* Begin PBXVariantGroup section */
		690A84B622AFBE03009F4EC5 /* Main.storyboard */ = {
			isa = PBXVariantGroup;
			children = (
				690A84B722AFBE03009F4EC5 /* Base */,
			);
			name = Main.storyboard;
			path = .;
			sourceTree = "<group>";
		};
		690A84BB22AFBE05009F4EC5 /* LaunchScreen.storyboard */ = {
			isa = PBXVariantGroup;
			children = (
				690A84BC22AFBE05009F4EC5 /* Base */,
			);
			name = LaunchScreen.storyboard;
			path = .;
			sourceTree = "<group>";
		};
/* End PBXVariantGroup section */

/* Begin XCBuildConfiguration section */
		690A84BF22AFBE05009F4EC5 /* Debug */ = {
			isa = XCBuildConfiguration;
			baseConfigurationReference = 5F6488F4D571E60798E0CD5C /* Pods-Transportation_PLUS.debug.xcconfig */;
			buildSettings = {
				ALWAYS_SEARCH_USER_PATHS = NO;
				CLANG_ANALYZER_NONNULL = YES;
				CLANG_ANALYZER_NUMBER_OBJECT_CONVERSION = YES_AGGRESSIVE;
				CLANG_CXX_LANGUAGE_STANDARD = "gnu++14";
				CLANG_CXX_LIBRARY = "libc++";
				CLANG_ENABLE_MODULES = YES;
				CLANG_ENABLE_OBJC_ARC = YES;
				CLANG_ENABLE_OBJC_WEAK = YES;
				CLANG_WARN_BLOCK_CAPTURE_AUTORELEASING = YES;
				CLANG_WARN_BOOL_CONVERSION = YES;
				CLANG_WARN_COMMA = YES;
				CLANG_WARN_CONSTANT_CONVERSION = YES;
				CLANG_WARN_DEPRECATED_OBJC_IMPLEMENTATIONS = YES;
				CLANG_WARN_DIRECT_OBJC_ISA_USAGE = YES_ERROR;
				CLANG_WARN_DOCUMENTATION_COMMENTS = YES;
				CLANG_WARN_EMPTY_BODY = YES;
				CLANG_WARN_ENUM_CONVERSION = YES;
				CLANG_WARN_INFINITE_RECURSION = YES;
				CLANG_WARN_INT_CONVERSION = YES;
				CLANG_WARN_NON_LITERAL_NULL_CONVERSION = YES;
				CLANG_WARN_OBJC_IMPLICIT_RETAIN_SELF = YES;
				CLANG_WARN_OBJC_LITERAL_CONVERSION = YES;
				CLANG_WARN_OBJC_ROOT_CLASS = YES_ERROR;
				CLANG_WARN_RANGE_LOOP_ANALYSIS = YES;
				CLANG_WARN_STRICT_PROTOTYPES = YES;
				CLANG_WARN_SUSPICIOUS_MOVE = YES;
				CLANG_WARN_UNGUARDED_AVAILABILITY = YES_AGGRESSIVE;
				CLANG_WARN_UNREACHABLE_CODE = YES;
				CLANG_WARN__DUPLICATE_METHOD_MATCH = YES;
				CODE_SIGN_IDENTITY = "iPhone Developer";
				COPY_PHASE_STRIP = NO;
				DEBUG_INFORMATION_FORMAT = dwarf;
				ENABLE_STRICT_OBJC_MSGSEND = YES;
				ENABLE_TESTABILITY = YES;
				GCC_C_LANGUAGE_STANDARD = gnu11;
				GCC_DYNAMIC_NO_PIC = NO;
				GCC_NO_COMMON_BLOCKS = YES;
				GCC_OPTIMIZATION_LEVEL = 0;
				GCC_PREPROCESSOR_DEFINITIONS = (
					"DEBUG=1",
					"$(inherited)",
				);
				GCC_WARN_64_TO_32_BIT_CONVERSION = YES;
				GCC_WARN_ABOUT_RETURN_TYPE = YES_ERROR;
				GCC_WARN_UNDECLARED_SELECTOR = YES;
				GCC_WARN_UNINITIALIZED_AUTOS = YES_AGGRESSIVE;
				GCC_WARN_UNUSED_FUNCTION = YES;
				GCC_WARN_UNUSED_VARIABLE = YES;
				IPHONEOS_DEPLOYMENT_TARGET = 12.2;
				MTL_ENABLE_DEBUG_INFO = INCLUDE_SOURCE;
				MTL_FAST_MATH = YES;
				ONLY_ACTIVE_ARCH = YES;
				SDKROOT = iphoneos;
				SWIFT_ACTIVE_COMPILATION_CONDITIONS = DEBUG;
				SWIFT_OPTIMIZATION_LEVEL = "-Onone";
			};
			name = Debug;
		};
		690A84C022AFBE05009F4EC5 /* Release */ = {
			isa = XCBuildConfiguration;
			baseConfigurationReference = 80206B374F7571527DB848D8 /* Pods-Transportation_PLUS.release.xcconfig */;
			buildSettings = {
				ALWAYS_SEARCH_USER_PATHS = NO;
				CLANG_ANALYZER_NONNULL = YES;
				CLANG_ANALYZER_NUMBER_OBJECT_CONVERSION = YES_AGGRESSIVE;
				CLANG_CXX_LANGUAGE_STANDARD = "gnu++14";
				CLANG_CXX_LIBRARY = "libc++";
				CLANG_ENABLE_MODULES = YES;
				CLANG_ENABLE_OBJC_ARC = YES;
				CLANG_ENABLE_OBJC_WEAK = YES;
				CLANG_WARN_BLOCK_CAPTURE_AUTORELEASING = YES;
				CLANG_WARN_BOOL_CONVERSION = YES;
				CLANG_WARN_COMMA = YES;
				CLANG_WARN_CONSTANT_CONVERSION = YES;
				CLANG_WARN_DEPRECATED_OBJC_IMPLEMENTATIONS = YES;
				CLANG_WARN_DIRECT_OBJC_ISA_USAGE = YES_ERROR;
				CLANG_WARN_DOCUMENTATION_COMMENTS = YES;
				CLANG_WARN_EMPTY_BODY = YES;
				CLANG_WARN_ENUM_CONVERSION = YES;
				CLANG_WARN_INFINITE_RECURSION = YES;
				CLANG_WARN_INT_CONVERSION = YES;
				CLANG_WARN_NON_LITERAL_NULL_CONVERSION = YES;
				CLANG_WARN_OBJC_IMPLICIT_RETAIN_SELF = YES;
				CLANG_WARN_OBJC_LITERAL_CONVERSION = YES;
				CLANG_WARN_OBJC_ROOT_CLASS = YES_ERROR;
				CLANG_WARN_RANGE_LOOP_ANALYSIS = YES;
				CLANG_WARN_STRICT_PROTOTYPES = YES;
				CLANG_WARN_SUSPICIOUS_MOVE = YES;
				CLANG_WARN_UNGUARDED_AVAILABILITY = YES_AGGRESSIVE;
				CLANG_WARN_UNREACHABLE_CODE = YES;
				CLANG_WARN__DUPLICATE_METHOD_MATCH = YES;
				CODE_SIGN_IDENTITY = "iPhone Developer";
				COPY_PHASE_STRIP = NO;
				DEBUG_INFORMATION_FORMAT = dwarf;
				ENABLE_NS_ASSERTIONS = NO;
				ENABLE_STRICT_OBJC_MSGSEND = YES;
				GCC_C_LANGUAGE_STANDARD = gnu11;
				GCC_NO_COMMON_BLOCKS = YES;
				GCC_WARN_64_TO_32_BIT_CONVERSION = YES;
				GCC_WARN_ABOUT_RETURN_TYPE = YES_ERROR;
				GCC_WARN_UNDECLARED_SELECTOR = YES;
				GCC_WARN_UNINITIALIZED_AUTOS = YES_AGGRESSIVE;
				GCC_WARN_UNUSED_FUNCTION = YES;
				GCC_WARN_UNUSED_VARIABLE = YES;
				IPHONEOS_DEPLOYMENT_TARGET = 12.2;
				MTL_ENABLE_DEBUG_INFO = NO;
				MTL_FAST_MATH = YES;
				SDKROOT = iphoneos;
				SWIFT_COMPILATION_MODE = wholemodule;
				SWIFT_OPTIMIZATION_LEVEL = "-O";
				VALIDATE_PRODUCT = YES;
			};
			name = Release;
		};
		690A84C222AFBE05009F4EC5 /* Debug */ = {
			isa = XCBuildConfiguration;
			baseConfigurationReference = 5F6488F4D571E60798E0CD5C /* Pods-Transportation_PLUS.debug.xcconfig */;
			buildSettings = {
				ASSETCATALOG_COMPILER_APPICON_NAME = AppIcon;
				CODE_SIGN_STYLE = Automatic;
				DEBUG_INFORMATION_FORMAT = dwarf;
				DEVELOPMENT_TEAM = KH3PA94KG7;
				INFOPLIST_FILE = "$(SRCROOT)/transportation/Info.plist";
				LD_RUNPATH_SEARCH_PATHS = (
					"$(inherited)",
					"@executable_path/Frameworks",
				);
				PRODUCT_BUNDLE_IDENTIFIER = "Rat.Transportation-PLUS";
				PRODUCT_NAME = "$(TARGET_NAME)";
				SWIFT_OBJC_BRIDGING_HEADER = ./transportation/BridgingHeader.h;
				SWIFT_VERSION = 5.0;
				TARGETED_DEVICE_FAMILY = 1;
			};
			name = Debug;
		};
		690A84C322AFBE05009F4EC5 /* Release */ = {
			isa = XCBuildConfiguration;
			baseConfigurationReference = 80206B374F7571527DB848D8 /* Pods-Transportation_PLUS.release.xcconfig */;
			buildSettings = {
				ASSETCATALOG_COMPILER_APPICON_NAME = AppIcon;
				CODE_SIGN_STYLE = Automatic;
				DEBUG_INFORMATION_FORMAT = dwarf;
				DEVELOPMENT_TEAM = KH3PA94KG7;
				INFOPLIST_FILE = "$(SRCROOT)/transportation/Info.plist";
				LD_RUNPATH_SEARCH_PATHS = (
					"$(inherited)",
					"@executable_path/Frameworks",
				);
				PRODUCT_BUNDLE_IDENTIFIER = "Rat.Transportation-PLUS";
				PRODUCT_NAME = "$(TARGET_NAME)";
				SWIFT_OBJC_BRIDGING_HEADER = ./transportation/BridgingHeader.h;
				SWIFT_VERSION = 5.0;
				TARGETED_DEVICE_FAMILY = 1;
			};
			name = Release;
		};
/* End XCBuildConfiguration section */

/* Begin XCConfigurationList section */
		690A84AA22AFBE03009F4EC5 /* Build configuration list for PBXProject "Transportation_PLUS" */ = {
			isa = XCConfigurationList;
			buildConfigurations = (
				690A84BF22AFBE05009F4EC5 /* Debug */,
				690A84C022AFBE05009F4EC5 /* Release */,
			);
			defaultConfigurationIsVisible = 0;
			defaultConfigurationName = Release;
		};
		690A84C122AFBE05009F4EC5 /* Build configuration list for PBXNativeTarget "Transportation_PLUS" */ = {
			isa = XCConfigurationList;
			buildConfigurations = (
				690A84C222AFBE05009F4EC5 /* Debug */,
				690A84C322AFBE05009F4EC5 /* Release */,
			);
			defaultConfigurationIsVisible = 0;
			defaultConfigurationName = Release;
		};
/* End XCConfigurationList section */

/* Begin XCVersionGroup section */
		690A84ED22B0A438009F4EC5 /* TransportationPlus.xcdatamodeld */ = {
			isa = XCVersionGroup;
			children = (
				690A84EE22B0A438009F4EC5 /* TransportationPlus.xcdatamodel */,
			);
			currentVersion = 690A84EE22B0A438009F4EC5 /* TransportationPlus.xcdatamodel */;
			path = TransportationPlus.xcdatamodeld;
			sourceTree = "<group>";
			versionGroupType = wrapper.xcdatamodel;
		};
/* End XCVersionGroup section */
	};
	rootObject = 690A84A722AFBE03009F4EC5 /* Project object */;
}
